
Microsoft Visual Studio Solution File, Format Version 12.00
# Visual Studio Version 17
VisualStudioVersion = 17.2.32630.192
MinimumVisualStudioVersion = 10.0.40219.1
Project("{9A19103F-16F7-4668-BE54-9A1E7A4F7556}") = "dotnet-svelte", "dotnet-svelte.csproj", "{BDE7FA78-715E-47BB-984D-BC88C6427FA6}"
EndProject
Global
	GlobalSection(SolutionConfigurationPlatforms) = preSolution
		Debug|Any CPU = Debug|Any CPU
		Release|Any CPU = Release|Any CPU
	EndGlobalSection
	GlobalSection(ProjectConfigurationPlatforms) = postSolution
		{BDE7FA78-715E-47BB-984D-BC88C6427FA6}.Debug|Any CPU.ActiveCfg = Debug|Any CPU
		{BDE7FA78-715E-47BB-984D-BC88C6427FA6}.Debug|Any CPU.Build.0 = Debug|Any CPU
		{BDE7FA78-715E-47BB-984D-BC88C6427FA6}.Release|Any CPU.ActiveCfg = Release|Any CPU
		{BDE7FA78-715E-47BB-984D-BC88C6427FA6}.Release|Any CPU.Build.0 = Release|Any CPU
	EndGlobalSection
	GlobalSection(SolutionProperties) = preSolution
		HideSolutionNode = FALSE
	EndGlobalSection
	GlobalSection(ExtensibilityGlobals) = postSolution
		SolutionGuid = {9CDDBB46-04FB-44E8-9D61-5722C6F0B586}
	EndGlobalSection
EndGlobal
